
Microsoft Visual Studio Solution File, Format Version 12.00
# Visual Studio 15
VisualStudioVersion = 15.0.27130.2036
MinimumVisualStudioVersion = 10.0.40219.1
Project("{8BC9CEB8-8B4A-11D0-8D11-00A0C91BC942}") = "NES Emulator", "NES Emulator\NES Emulator.vcxproj", "{25D8BD31-FDED-4050-9913-E60DED0ED380}"
EndProject
Global
	GlobalSection(Performance) = preSolution
		HasPerformanceSessions = true
	EndGlobalSection
	GlobalSection(SolutionConfigurationPlatforms) = preSolution
		Debug|x64 = Debug|x64
		Debug|x86 = Debug|x86
		Release|x64 = Release|x64
		Release|x86 = Release|x86
	EndGlobalSection
	GlobalSection(ProjectConfigurationPlatforms) = postSolution
		{25D8BD31-FDED-4050-9913-E60DED0ED380}.Debug|x64.ActiveCfg = Debug|x64
		{25D8BD31-FDED-4050-9913-E60DED0ED380}.Debug|x64.Build.0 = Debug|x64
		{25D8BD31-FDED-4050-9913-E60DED0ED380}.Debug|x86.ActiveCfg = Debug|Win32
		{25D8BD31-FDED-4050-9913-E60DED0ED380}.Debug|x86.Build.0 = Debug|Win32
		{25D8BD31-FDED-4050-9913-E60DED0ED380}.Release|x64.ActiveCfg = Release|x64
		{25D8BD31-FDED-4050-9913-E60DED0ED380}.Release|x64.Build.0 = Release|x64
		{25D8BD31-FDED-4050-9913-E60DED0ED380}.Release|x86.ActiveCfg = Release|Win32
		{25D8BD31-FDED-4050-9913-E60DED0ED380}.Release|x86.Build.0 = Release|Win32
	EndGlobalSection
	GlobalSection(SolutionProperties) = preSolution
		HideSolutionNode = FALSE
	EndGlobalSection
	GlobalSection(ExtensibilityGlobals) = postSolution
		SolutionGuid = {C5196C16-4B74-4573-A753-0570E34B28AD}
	EndGlobalSection
EndGlobal
