<?xml version="1.0" encoding="utf-8"?>
<Project ToolsVersion="4.0" xmlns="http://schemas.microsoft.com/developer/msbuild/2003">
  <ItemGroup>
    <Filter Include="Source Files">
      <UniqueIdentifier>{4FC737F1-C7A5-4376-A066-2A32D752A2FF}</UniqueIdentifier>
      <Extensions>cpp;c;cc;cxx;def;odl;idl;hpj;bat;asm;asmx</Extensions>
    </Filter>
    <Filter Include="Header Files">
      <UniqueIdentifier>{93995380-89BD-4b04-88EB-625FBE52EBFB}</UniqueIdentifier>
      <Extensions>h;hh;hpp;hxx;hm;inl;inc;xsd</Extensions>
    </Filter>
    <Filter Include="Resource Files">
      <UniqueIdentifier>{67DA6AB6-F800-4c08-8B7A-83BB121AAD01}</UniqueIdentifier>
      <Extensions>rc;ico;cur;bmp;dlg;rc2;rct;bin;rgs;gif;jpg;jpeg;jpe;resx;tiff;tif;png;wav;mfcribbon-ms</Extensions>
    </Filter>
    <Filter Include="Header Files\CPU">
      <UniqueIdentifier>{096e815d-007d-4106-83cf-0a7f00c33587}</UniqueIdentifier>
    </Filter>
    <Filter Include="Source Files\CPU">
      <UniqueIdentifier>{924dd23c-ef05-46cf-8542-b3abfb7e0f2b}</UniqueIdentifier>
    </Filter>
    <Filter Include="Source Files\Peripherals">
      <UniqueIdentifier>{1bd6d99c-dab7-4643-812d-be5d47251c00}</UniqueIdentifier>
    </Filter>
    <Filter Include="Header Files\Peripherals">
      <UniqueIdentifier>{e6d97de4-1065-4a7e-b5cd-40d3de5e7f39}</UniqueIdentifier>
    </Filter>
  </ItemGroup>
  <ItemGroup>
    <ClCompile Include="main.cpp">
      <Filter>Source Files</Filter>
    </ClCompile>
    <ClCompile Include="PPU.cpp">
      <Filter>Source Files</Filter>
    </ClCompile>
    <ClCompile Include="Mirror.cpp">
      <Filter>Source Files</Filter>
    </ClCompile>
    <ClCompile Include="MirrorManager.cpp">
      <Filter>Source Files</Filter>
    </ClCompile>
    <ClCompile Include="VRAM.cpp">
      <Filter>Source Files</Filter>
    </ClCompile>
    <ClCompile Include="ComputerSystem.cpp">
      <Filter>Source Files</Filter>
    </ClCompile>
    <ClCompile Include="CPU.cpp">
      <Filter>Source Files\CPU</Filter>
    </ClCompile>
    <ClCompile Include="CPUMem.cpp">
      <Filter>Source Files\CPU</Filter>
    </ClCompile>
    <ClCompile Include="Peripheral.cpp">
      <Filter>Source Files\Peripherals</Filter>
    </ClCompile>
    <ClCompile Include="PeripheralConnection.cpp">
      <Filter>Source Files\Peripherals</Filter>
    </ClCompile>
    <ClCompile Include="PeripheralLine.cpp">
      <Filter>Source Files\Peripherals</Filter>
    </ClCompile>
    <ClCompile Include="RegisterInterrupt.cpp">
      <Filter>Source Files\Peripherals</Filter>
    </ClCompile>
  </ItemGroup>
  <ItemGroup>
    <ClInclude Include="Operation.h">
      <Filter>Header Files</Filter>
    </ClInclude>
    <ClInclude Include="PPU.h">
      <Filter>Header Files</Filter>
    </ClInclude>
    <ClInclude Include="Log.h">
      <Filter>Header Files</Filter>
    </ClInclude>
    <ClInclude Include="RecentLog.h">
      <Filter>Header Files</Filter>
    </ClInclude>
    <ClInclude Include="MirrorManager.h">
      <Filter>Header Files</Filter>
    </ClInclude>
    <ClInclude Include="Exceptions.h">
      <Filter>Header Files</Filter>
    </ClInclude>
    <ClInclude Include="Mirror.h">
      <Filter>Header Files</Filter>
    </ClInclude>
    <ClInclude Include="VRAM.h">
      <Filter>Header Files</Filter>
    </ClInclude>
    <ClInclude Include="Palette.h">
      <Filter>Header Files</Filter>
    </ClInclude>
    <ClInclude Include="Colour.h">
      <Filter>Header Files</Filter>
    </ClInclude>
    <ClInclude Include="CPU.h">
      <Filter>Header Files\CPU</Filter>
    </ClInclude>
    <ClInclude Include="CPUMem.h">
      <Filter>Header Files\CPU</Filter>
    </ClInclude>
    <ClInclude Include="enums.h">
      <Filter>Header Files\CPU</Filter>
    </ClInclude>
    <ClInclude Include="BitFlag.h">
      <Filter>Header Files</Filter>
    </ClInclude>
    <ClInclude Include="ComputerSystem.h">
      <Filter>Header Files</Filter>
    </ClInclude>
    <ClInclude Include="PeripheralConnection.h">
      <Filter>Header Files\Peripherals</Filter>
    </ClInclude>
    <ClInclude Include="PeripheralLine.h">
      <Filter>Header Files\Peripherals</Filter>
    </ClInclude>
    <ClInclude Include="Peripheral.h">
      <Filter>Header Files\Peripherals</Filter>
    </ClInclude>
    <ClInclude Include="RegisterInterrupt.h">
      <Filter>Header Files\Peripherals</Filter>
    </ClInclude>
  </ItemGroup>
  <ItemGroup>
    <Text Include="Guidelines.txt">
      <Filter>Resource Files</Filter>
    </Text>
    <Text Include="TODO.txt">
      <Filter>Resource Files</Filter>
    </Text>
  </ItemGroup>
  <ItemGroup>
    <None Include="Tests\6502_interrupt_test.bin">
      <Filter>Resource Files</Filter>
    </None>
    <None Include="Tests\6502_functional_test.bin">
      <Filter>Resource Files</Filter>
    </None>
  </ItemGroup>
</Project>